
Microsoft Visual Studio Solution File, Format Version 11.00
# Visual Studio 2010
Project("{FAE04EC0-301F-11D3-BF4B-00C04F79EFBC}") = "ApartmentPlus", "ApartmentPlus\ApartmentPlus.csproj", "{6125F3D7-567F-4705-95E9-E36C4C9A7C05}"
EndProject
Global
	GlobalSection(SubversionScc) = preSolution
		Svn-Managed = True
		Manager = AnkhSVN - Subversion Support for Visual Studio
	EndGlobalSection
	GlobalSection(SolutionConfigurationPlatforms) = preSolution
		Debug|Any CPU = Debug|Any CPU
		Release|Any CPU = Release|Any CPU
	EndGlobalSection
	GlobalSection(ProjectConfigurationPlatforms) = postSolution
		{6125F3D7-567F-4705-95E9-E36C4C9A7C05}.Debug|Any CPU.ActiveCfg = Debug|Any CPU
		{6125F3D7-567F-4705-95E9-E36C4C9A7C05}.Debug|Any CPU.Build.0 = Debug|Any CPU
		{6125F3D7-567F-4705-95E9-E36C4C9A7C05}.Release|Any CPU.ActiveCfg = Release|Any CPU
		{6125F3D7-567F-4705-95E9-E36C4C9A7C05}.Release|Any CPU.Build.0 = Release|Any CPU
	EndGlobalSection
	GlobalSection(SolutionProperties) = preSolution
		HideSolutionNode = FALSE
	EndGlobalSection
EndGlobal
